
Microsoft Visual Studio Solution File, Format Version 12.00
# Visual Studio Version 17
VisualStudioVersion = 17.3.32811.315
MinimumVisualStudioVersion = 10.0.40219.1
Project("{FAE04EC0-301F-11D3-BF4B-00C04F79EFBC}") = "AbstractsLib", "AbstractsLib\AbstractsLib.csproj", "{054E57AD-C092-4CCF-A1DD-5DF25FAE60B2}"
EndProject
Global
	GlobalSection(SolutionConfigurationPlatforms) = preSolution
		Debug|Any CPU = Debug|Any CPU
		Release|Any CPU = Release|Any CPU
	EndGlobalSection
	GlobalSection(ProjectConfigurationPlatforms) = postSolution
		{054E57AD-C092-4CCF-A1DD-5DF25FAE60B2}.Debug|Any CPU.ActiveCfg = Debug|Any CPU
		{054E57AD-C092-4CCF-A1DD-5DF25FAE60B2}.Debug|Any CPU.Build.0 = Debug|Any CPU
		{054E57AD-C092-4CCF-A1DD-5DF25FAE60B2}.Release|Any CPU.ActiveCfg = Release|Any CPU
		{054E57AD-C092-4CCF-A1DD-5DF25FAE60B2}.Release|Any CPU.Build.0 = Release|Any CPU
	EndGlobalSection
	GlobalSection(SolutionProperties) = preSolution
		HideSolutionNode = FALSE
	EndGlobalSection
	GlobalSection(ExtensibilityGlobals) = postSolution
		SolutionGuid = {D423D635-0077-47D3-8974-E0FDFFB44D2C}
	EndGlobalSection
EndGlobal
