
Microsoft Visual Studio Solution File, Format Version 12.00
# Visual Studio Version 17
VisualStudioVersion = 17.3.32811.315
MinimumVisualStudioVersion = 10.0.40219.1
Project("{FAE04EC0-301F-11D3-BF4B-00C04F79EFBC}") = "EmployeeLib", "EmployeeLib\EmployeeLib.csproj", "{CBAEEE51-88AF-407A-8D62-6F1211DADE72}"
EndProject
Global
	GlobalSection(SolutionConfigurationPlatforms) = preSolution
		Debug|Any CPU = Debug|Any CPU
		Release|Any CPU = Release|Any CPU
	EndGlobalSection
	GlobalSection(ProjectConfigurationPlatforms) = postSolution
		{CBAEEE51-88AF-407A-8D62-6F1211DADE72}.Debug|Any CPU.ActiveCfg = Debug|Any CPU
		{CBAEEE51-88AF-407A-8D62-6F1211DADE72}.Debug|Any CPU.Build.0 = Debug|Any CPU
		{CBAEEE51-88AF-407A-8D62-6F1211DADE72}.Release|Any CPU.ActiveCfg = Release|Any CPU
		{CBAEEE51-88AF-407A-8D62-6F1211DADE72}.Release|Any CPU.Build.0 = Release|Any CPU
	EndGlobalSection
	GlobalSection(SolutionProperties) = preSolution
		HideSolutionNode = FALSE
	EndGlobalSection
	GlobalSection(ExtensibilityGlobals) = postSolution
		SolutionGuid = {4D8EB26C-BDD9-41A7-A6DF-6FF53AA41F37}
	EndGlobalSection
EndGlobal
